{
    "composer/pcre": {
        "version": "1.0.0"
    },
    "php": {
        "version": "7.3"
    },
    "symfony/password-hasher": {
        "version": "v5.3.4"
    },
    "symfony/polyfill-php81": {
        "version": "v1.23.0"
    },
    "symfony/twig-bundle": {
        "version": "5.3",
        "recipe": {
            "repo": "github.com/symfony/recipes",
            "branch": "master",
            "version": "5.3",
            "ref": "3dd530739a4284e3272274c128dbb7a8140a66f1"
        },
        "files": [
            "config/packages/twig.yaml",
            "templates/base.html.twig"
        ]
    },
    "twig/extra-bundle": {
        "version": "v3.3.1"
    }
}
